
Microsoft Visual Studio Solution File, Format Version 12.00
# Visual Studio Version 17
VisualStudioVersion = 17.13.35828.75 d17.13
MinimumVisualStudioVersion = 10.0.40219.1
Project("{FAE04EC0-301F-11D3-BF4B-00C04F79EFBC}") = "IKEA.PL", "IKEA.PL\IKEA.PL.csproj", "{A1BFC7F9-D6B4-46E5-87A3-45F779718EEF}"
EndProject
Project("{FAE04EC0-301F-11D3-BF4B-00C04F79EFBC}") = "IKEA.BLL", "IKEA.BLL\IKEA.BLL.csproj", "{E20269D9-9530-4169-8730-79AFDBE47443}"
EndProject
Project("{FAE04EC0-301F-11D3-BF4B-00C04F79EFBC}") = "IKEA.DAL", "IKEA.DAL\IKEA.DAL.csproj", "{F9DE1C92-F95A-48C3-AA03-83F504ED6138}"
EndProject
Global
	GlobalSection(SolutionConfigurationPlatforms) = preSolution
		Debug|Any CPU = Debug|Any CPU
		Release|Any CPU = Release|Any CPU
	EndGlobalSection
	GlobalSection(ProjectConfigurationPlatforms) = postSolution
		{A1BFC7F9-D6B4-46E5-87A3-45F779718EEF}.Debug|Any CPU.ActiveCfg = Debug|Any CPU
		{A1BFC7F9-D6B4-46E5-87A3-45F779718EEF}.Debug|Any CPU.Build.0 = Debug|Any CPU
		{A1BFC7F9-D6B4-46E5-87A3-45F779718EEF}.Release|Any CPU.ActiveCfg = Release|Any CPU
		{A1BFC7F9-D6B4-46E5-87A3-45F779718EEF}.Release|Any CPU.Build.0 = Release|Any CPU
		{E20269D9-9530-4169-8730-79AFDBE47443}.Debug|Any CPU.ActiveCfg = Debug|Any CPU
		{E20269D9-9530-4169-8730-79AFDBE47443}.Debug|Any CPU.Build.0 = Debug|Any CPU
		{E20269D9-9530-4169-8730-79AFDBE47443}.Release|Any CPU.ActiveCfg = Release|Any CPU
		{E20269D9-9530-4169-8730-79AFDBE47443}.Release|Any CPU.Build.0 = Release|Any CPU
		{F9DE1C92-F95A-48C3-AA03-83F504ED6138}.Debug|Any CPU.ActiveCfg = Debug|Any CPU
		{F9DE1C92-F95A-48C3-AA03-83F504ED6138}.Debug|Any CPU.Build.0 = Debug|Any CPU
		{F9DE1C92-F95A-48C3-AA03-83F504ED6138}.Release|Any CPU.ActiveCfg = Release|Any CPU
		{F9DE1C92-F95A-48C3-AA03-83F504ED6138}.Release|Any CPU.Build.0 = Release|Any CPU
	EndGlobalSection
	GlobalSection(SolutionProperties) = preSolution
		HideSolutionNode = FALSE
	EndGlobalSection
	GlobalSection(ExtensibilityGlobals) = postSolution
		SolutionGuid = {EB1FD5CF-9A85-42DF-8965-F8A074B40B5A}
	EndGlobalSection
EndGlobal
